// !$*UTF8*$!
{
	archiveVersion = 1;
	classes = {
	};
	objectVersion = 50;
	objects = {

/* Begin PBXBuildFile section */
		04071751223F9A54007FE15A /* PlayerViewController.swift in Sources */ = {isa = PBXBuildFile; fileRef = 04071750223F9A54007FE15A /* PlayerViewController.swift */; };
		04071756223FA011007FE15A /* TableViewCell.swift in Sources */ = {isa = PBXBuildFile; fileRef = 04071754223FA011007FE15A /* TableViewCell.swift */; };
		04071757223FA011007FE15A /* TableViewCell.xib in Resources */ = {isa = PBXBuildFile; fileRef = 04071755223FA011007FE15A /* TableViewCell.xib */; };
		04A47A48223E981300787325 /* AppDelegate.swift in Sources */ = {isa = PBXBuildFile; fileRef = 04A47A47223E981300787325 /* AppDelegate.swift */; };
		04A47A4A223E981300787325 /* ViewController.swift in Sources */ = {isa = PBXBuildFile; fileRef = 04A47A49223E981300787325 /* ViewController.swift */; };
		04A47A4D223E981300787325 /* Main.storyboard in Resources */ = {isa = PBXBuildFile; fileRef = 04A47A4B223E981300787325 /* Main.storyboard */; };
		04A47A4F223E981300787325 /* Assets.xcassets in Resources */ = {isa = PBXBuildFile; fileRef = 04A47A4E223E981300787325 /* Assets.xcassets */; };
		04A47A52223E981300787325 /* LaunchScreen.storyboard in Resources */ = {isa = PBXBuildFile; fileRef = 04A47A50223E981300787325 /* LaunchScreen.storyboard */; };
/* End PBXBuildFile section */

/* Begin PBXFileReference section */
		04071750223F9A54007FE15A /* PlayerViewController.swift */ = {isa = PBXFileReference; lastKnownFileType = sourcecode.swift; path = PlayerViewController.swift; sourceTree = "<group>"; };
		04071754223FA011007FE15A /* TableViewCell.swift */ = {isa = PBXFileReference; lastKnownFileType = sourcecode.swift; path = TableViewCell.swift; sourceTree = "<group>"; };
		04071755223FA011007FE15A /* TableViewCell.xib */ = {isa = PBXFileReference; lastKnownFileType = file.xib; path = TableViewCell.xib; sourceTree = "<group>"; };
		04A47A44223E981300787325 /* SportsTeamManager.app */ = {isa = PBXFileReference; explicitFileType = wrapper.application; includeInIndex = 0; path = SportsTeamManager.app; sourceTree = BUILT_PRODUCTS_DIR; };
		04A47A47223E981300787325 /* AppDelegate.swift */ = {isa = PBXFileReference; lastKnownFileType = sourcecode.swift; path = AppDelegate.swift; sourceTree = "<group>"; };
		04A47A49223E981300787325 /* ViewController.swift */ = {isa = PBXFileReference; lastKnownFileType = sourcecode.swift; path = ViewController.swift; sourceTree = "<group>"; };
		04A47A4C223E981300787325 /* Base */ = {isa = PBXFileReference; lastKnownFileType = file.storyboard; name = Base; path = Base.lproj/Main.storyboard; sourceTree = "<group>"; };
		04A47A4E223E981300787325 /* Assets.xcassets */ = {isa = PBXFileReference; lastKnownFileType = folder.assetcatalog; path = Assets.xcassets; sourceTree = "<group>"; };
		04A47A51223E981300787325 /* Base */ = {isa = PBXFileReference; lastKnownFileType = file.storyboard; name = Base; path = Base.lproj/LaunchScreen.storyboard; sourceTree = "<group>"; };
		04A47A53223E981300787325 /* Info.plist */ = {isa = PBXFileReference; lastKnownFileType = text.plist.xml; path = Info.plist; sourceTree = "<group>"; };
/* End PBXFileReference section */

/* Begin PBXFrameworksBuildPhase section */
		04A47A41223E981300787325 /* Frameworks */ = {
			isa = PBXFrameworksBuildPhase;
			buildActionMask = 2147483647;
			files = (
			);
			runOnlyForDeploymentPostprocessing = 0;
		};
/* End PBXFrameworksBuildPhase section */

/* Begin PBXGroup section */
		04071752223F9D52007FE15A /* PlayerViewController */ = {
			isa = PBXGroup;
			children = (
				04071750223F9A54007FE15A /* PlayerViewController.swift */,
			);
			path = PlayerViewController;
			sourceTree = "<group>";
		};
		04071753223F9DA4007FE15A /* MainViewController */ = {
			isa = PBXGroup;
			children = (
				04A47A49223E981300787325 /* ViewController.swift */,
				04071754223FA011007FE15A /* TableViewCell.swift */,
				04071755223FA011007FE15A /* TableViewCell.xib */,
			);
			path = MainViewController;
			sourceTree = "<group>";
		};
		04A47A3B223E981300787325 = {
			isa = PBXGroup;
			children = (
				04A47A46223E981300787325 /* SportsTeamManager */,
				04A47A45223E981300787325 /* Products */,
			);
			sourceTree = "<group>";
		};
		04A47A45223E981300787325 /* Products */ = {
			isa = PBXGroup;
			children = (
				04A47A44223E981300787325 /* SportsTeamManager.app */,
			);
			name = Products;
			sourceTree = "<group>";
		};
		04A47A46223E981300787325 /* SportsTeamManager */ = {
			isa = PBXGroup;
			children = (
				04A47A47223E981300787325 /* AppDelegate.swift */,
				04071753223F9DA4007FE15A /* MainViewController */,
				04071752223F9D52007FE15A /* PlayerViewController */,
				04A47A4B223E981300787325 /* Main.storyboard */,
				04A47A4E223E981300787325 /* Assets.xcassets */,
				04A47A50223E981300787325 /* LaunchScreen.storyboard */,
				04A47A53223E981300787325 /* Info.plist */,
			);
			path = SportsTeamManager;
			sourceTree = "<group>";
		};
/* End PBXGroup section */

/* Begin PBXNativeTarget section */
		04A47A43223E981300787325 /* SportsTeamManager */ = {
			isa = PBXNativeTarget;
			buildConfigurationList = 04A47A56223E981300787325 /* Build configuration list for PBXNativeTarget "SportsTeamManager" */;
			buildPhases = (
				04A47A40223E981300787325 /* Sources */,
				04A47A41223E981300787325 /* Frameworks */,
				04A47A42223E981300787325 /* Resources */,
			);
			buildRules = (
			);
			dependencies = (
			);
			name = SportsTeamManager;
			productName = SportsTeamManager;
			productReference = 04A47A44223E981300787325 /* SportsTeamManager.app */;
			productType = "com.apple.product-type.application";
		};
/* End PBXNativeTarget section */

/* Begin PBXProject section */
		04A47A3C223E981300787325 /* Project object */ = {
			isa = PBXProject;
			attributes = {
				LastSwiftUpdateCheck = 1010;
				LastUpgradeCheck = 1010;
				ORGANIZATIONNAME = Vladislav;
				TargetAttributes = {
					04A47A43223E981300787325 = {
						CreatedOnToolsVersion = 10.1;
					};
				};
			};
			buildConfigurationList = 04A47A3F223E981300787325 /* Build configuration list for PBXProject "SportsTeamManager" */;
			compatibilityVersion = "Xcode 9.3";
			developmentRegion = en;
			hasScannedForEncodings = 0;
			knownRegions = (
				en,
				Base,
			);
			mainGroup = 04A47A3B223E981300787325;
			productRefGroup = 04A47A45223E981300787325 /* Products */;
			projectDirPath = "";
			projectRoot = "";
			targets = (
				04A47A43223E981300787325 /* SportsTeamManager */,
			);
		};
/* End PBXProject section */

/* Begin PBXResourcesBuildPhase section */
		04A47A42223E981300787325 /* Resources */ = {
			isa = PBXResourcesBuildPhase;
			buildActionMask = 2147483647;
			files = (
				04A47A52223E981300787325 /* LaunchScreen.storyboard in Resources */,
				04071757223FA011007FE15A /* TableViewCell.xib in Resources */,
				04A47A4F223E981300787325 /* Assets.xcassets in Resources */,
				04A47A4D223E981300787325 /* Main.storyboard in Resources */,
			);
			runOnlyForDeploymentPostprocessing = 0;
		};
/* End PBXResourcesBuildPhase section */

/* Begin PBXSourcesBuildPhase section */
		04A47A40223E981300787325 /* Sources */ = {
			isa = PBXSourcesBuildPhase;
			buildActionMask = 2147483647;
			files = (
				04A47A4A223E981300787325 /* ViewController.swift in Sources */,
				04071756223FA011007FE15A /* TableViewCell.swift in Sources */,
				04A47A48223E981300787325 /* AppDelegate.swift in Sources */,
				04071751223F9A54007FE15A /* PlayerViewController.swift in Sources */,
			);
			runOnlyForDeploymentPostprocessing = 0;
		};
/* End PBXSourcesBuildPhase section */

/* Begin PBXVariantGroup section */
		04A47A4B223E981300787325 /* Main.storyboard */ = {
			isa = PBXVariantGroup;
			children = (
				04A47A4C223E981300787325 /* Base */,
			);
			name = Main.storyboard;
			sourceTree = "<group>";
		};
		04A47A50223E981300787325 /* LaunchScreen.storyboard */ = {
			isa = PBXVariantGroup;
			children = (
				04A47A51223E981300787325 /* Base */,
			);
			name = LaunchScreen.storyboard;
			sourceTree = "<group>";
		};
/* End PBXVariantGroup section */

/* Begin XCBuildConfiguration section */
		04A47A54223E981300787325 /* Debug */ = {
			isa = XCBuildConfiguration;
			buildSettings = {
				ALWAYS_SEARCH_USER_PATHS = NO;
				CLANG_ANALYZER_NONNULL = YES;
				CLANG_ANALYZER_NUMBER_OBJECT_CONVERSION = YES_AGGRESSIVE;
				CLANG_CXX_LANGUAGE_STANDARD = "gnu++14";
				CLANG_CXX_LIBRARY = "libc++";
				CLANG_ENABLE_MODULES = YES;
				CLANG_ENABLE_OBJC_ARC = YES;
				CLANG_ENABLE_OBJC_WEAK = YES;
				CLANG_WARN_BLOCK_CAPTURE_AUTORELEASING = YES;
				CLANG_WARN_BOOL_CONVERSION = YES;
				CLANG_WARN_COMMA = YES;
				CLANG_WARN_CONSTANT_CONVERSION = YES;
				CLANG_WARN_DEPRECATED_OBJC_IMPLEMENTATIONS = YES;
				CLANG_WARN_DIRECT_OBJC_ISA_USAGE = YES_ERROR;
				CLANG_WARN_DOCUMENTATION_COMMENTS = YES;
				CLANG_WARN_EMPTY_BODY = YES;
				CLANG_WARN_ENUM_CONVERSION = YES;
				CLANG_WARN_INFINITE_RECURSION = YES;
				CLANG_WARN_INT_CONVERSION = YES;
				CLANG_WARN_NON_LITERAL_NULL_CONVERSION = YES;
				CLANG_WARN_OBJC_IMPLICIT_RETAIN_SELF = YES;
				CLANG_WARN_OBJC_LITERAL_CONVERSION = YES;
				CLANG_WARN_OBJC_ROOT_CLASS = YES_ERROR;
				CLANG_WARN_RANGE_LOOP_ANALYSIS = YES;
				CLANG_WARN_STRICT_PROTOTYPES = YES;
				CLANG_WARN_SUSPICIOUS_MOVE = YES;
				CLANG_WARN_UNGUARDED_AVAILABILITY = YES_AGGRESSIVE;
				CLANG_WARN_UNREACHABLE_CODE = YES;
				CLANG_WARN__DUPLICATE_METHOD_MATCH = YES;
				CODE_SIGN_IDENTITY = "iPhone Developer";
				COPY_PHASE_STRIP = NO;
				DEBUG_INFORMATION_FORMAT = dwarf;
				ENABLE_STRICT_OBJC_MSGSEND = YES;
				ENABLE_TESTABILITY = YES;
				GCC_C_LANGUAGE_STANDARD = gnu11;
				GCC_DYNAMIC_NO_PIC = NO;
				GCC_NO_COMMON_BLOCKS = YES;
				GCC_OPTIMIZATION_LEVEL = 0;
				GCC_PREPROCESSOR_DEFINITIONS = (
					"DEBUG=1",
					"$(inherited)",
				);
				GCC_WARN_64_TO_32_BIT_CONVERSION = YES;
				GCC_WARN_ABOUT_RETURN_TYPE = YES_ERROR;
				GCC_WARN_UNDECLARED_SELECTOR = YES;
				GCC_WARN_UNINITIALIZED_AUTOS = YES_AGGRESSIVE;
				GCC_WARN_UNUSED_FUNCTION = YES;
				GCC_WARN_UNUSED_VARIABLE = YES;
				IPHONEOS_DEPLOYMENT_TARGET = 12.1;
				MTL_ENABLE_DEBUG_INFO = INCLUDE_SOURCE;
				MTL_FAST_MATH = YES;
				ONLY_ACTIVE_ARCH = YES;
				SDKROOT = iphoneos;
				SWIFT_ACTIVE_COMPILATION_CONDITIONS = DEBUG;
				SWIFT_OPTIMIZATION_LEVEL = "-Onone";
			};
			name = Debug;
		};
		04A47A55223E981300787325 /* Release */ = {
			isa = XCBuildConfiguration;
			buildSettings = {
				ALWAYS_SEARCH_USER_PATHS = NO;
				CLANG_ANALYZER_NONNULL = YES;
				CLANG_ANALYZER_NUMBER_OBJECT_CONVERSION = YES_AGGRESSIVE;
				CLANG_CXX_LANGUAGE_STANDARD = "gnu++14";
				CLANG_CXX_LIBRARY = "libc++";
				CLANG_ENABLE_MODULES = YES;
				CLANG_ENABLE_OBJC_ARC = YES;
				CLANG_ENABLE_OBJC_WEAK = YES;
				CLANG_WARN_BLOCK_CAPTURE_AUTORELEASING = YES;
				CLANG_WARN_BOOL_CONVERSION = YES;
				CLANG_WARN_COMMA = YES;
				CLANG_WARN_CONSTANT_CONVERSION = YES;
				CLANG_WARN_DEPRECATED_OBJC_IMPLEMENTATIONS = YES;
				CLANG_WARN_DIRECT_OBJC_ISA_USAGE = YES_ERROR;
				CLANG_WARN_DOCUMENTATION_COMMENTS = YES;
				CLANG_WARN_EMPTY_BODY = YES;
				CLANG_WARN_ENUM_CONVERSION = YES;
				CLANG_WARN_INFINITE_RECURSION = YES;
				CLANG_WARN_INT_CONVERSION = YES;
				CLANG_WARN_NON_LITERAL_NULL_CONVERSION = YES;
				CLANG_WARN_OBJC_IMPLICIT_RETAIN_SELF = YES;
				CLANG_WARN_OBJC_LITERAL_CONVERSION = YES;
				CLANG_WARN_OBJC_ROOT_CLASS = YES_ERROR;
				CLANG_WARN_RANGE_LOOP_ANALYSIS = YES;
				CLANG_WARN_STRICT_PROTOTYPES = YES;
				CLANG_WARN_SUSPICIOUS_MOVE = YES;
				CLANG_WARN_UNGUARDED_AVAILABILITY = YES_AGGRESSIVE;
				CLANG_WARN_UNREACHABLE_CODE = YES;
				CLANG_WARN__DUPLICATE_METHOD_MATCH = YES;
				CODE_SIGN_IDENTITY = "iPhone Developer";
				COPY_PHASE_STRIP = NO;
				DEBUG_INFORMATION_FORMAT = "dwarf-with-dsym";
				ENABLE_NS_ASSERTIONS = NO;
				ENABLE_STRICT_OBJC_MSGSEND = YES;
				GCC_C_LANGUAGE_STANDARD = gnu11;
				GCC_NO_COMMON_BLOCKS = YES;
				GCC_WARN_64_TO_32_BIT_CONVERSION = YES;
				GCC_WARN_ABOUT_RETURN_TYPE = YES_ERROR;
				GCC_WARN_UNDECLARED_SELECTOR = YES;
				GCC_WARN_UNINITIALIZED_AUTOS = YES_AGGRESSIVE;
				GCC_WARN_UNUSED_FUNCTION = YES;
				GCC_WARN_UNUSED_VARIABLE = YES;
				IPHONEOS_DEPLOYMENT_TARGET = 12.1;
				MTL_ENABLE_DEBUG_INFO = NO;
				MTL_FAST_MATH = YES;
				SDKROOT = iphoneos;
				SWIFT_COMPILATION_MODE = wholemodule;
				SWIFT_OPTIMIZATION_LEVEL = "-O";
				VALIDATE_PRODUCT = YES;
			};
			name = Release;
		};
		04A47A57223E981300787325 /* Debug */ = {
			isa = XCBuildConfiguration;
			buildSettings = {
				ASSETCATALOG_COMPILER_APPICON_NAME = AppIcon;
				CODE_SIGN_STYLE = Automatic;
				INFOPLIST_FILE = SportsTeamManager/Info.plist;
				LD_RUNPATH_SEARCH_PATHS = (
					"$(inherited)",
					"@executable_path/Frameworks",
				);
				PRODUCT_BUNDLE_IDENTIFIER = vladislav.SportsTeamManager;
				PRODUCT_NAME = "$(TARGET_NAME)";
				SWIFT_VERSION = 4.2;
				TARGETED_DEVICE_FAMILY = "1,2";
			};
			name = Debug;
		};
		04A47A58223E981300787325 /* Release */ = {
			isa = XCBuildConfiguration;
			buildSettings = {
				ASSETCATALOG_COMPILER_APPICON_NAME = AppIcon;
				CODE_SIGN_STYLE = Automatic;
				INFOPLIST_FILE = SportsTeamManager/Info.plist;
				LD_RUNPATH_SEARCH_PATHS = (
					"$(inherited)",
					"@executable_path/Frameworks",
				);
				PRODUCT_BUNDLE_IDENTIFIER = vladislav.SportsTeamManager;
				PRODUCT_NAME = "$(TARGET_NAME)";
				SWIFT_VERSION = 4.2;
				TARGETED_DEVICE_FAMILY = "1,2";
			};
			name = Release;
		};
/* End XCBuildConfiguration section */

/* Begin XCConfigurationList section */
		04A47A3F223E981300787325 /* Build configuration list for PBXProject "SportsTeamManager" */ = {
			isa = XCConfigurationList;
			buildConfigurations = (
				04A47A54223E981300787325 /* Debug */,
				04A47A55223E981300787325 /* Release */,
			);
			defaultConfigurationIsVisible = 0;
			defaultConfigurationName = Release;
		};
		04A47A56223E981300787325 /* Build configuration list for PBXNativeTarget "SportsTeamManager" */ = {
			isa = XCConfigurationList;
			buildConfigurations = (
				04A47A57223E981300787325 /* Debug */,
				04A47A58223E981300787325 /* Release */,
			);
			defaultConfigurationIsVisible = 0;
			defaultConfigurationName = Release;
		};
/* End XCConfigurationList section */
	};
	rootObject = 04A47A3C223E981300787325 /* Project object */;
}
